
Microsoft Visual Studio Solution File, Format Version 12.00
# Visual Studio Version 16
VisualStudioVersion = 16.0.29728.190
MinimumVisualStudioVersion = 10.0.40219.1
Project("{FAE04EC0-301F-11D3-BF4B-00C04F79EFBC}") = "QRcodeGenerator", "QRcodeGenerator\QRcodeGenerator.csproj", "{29A95E3A-819B-4EFC-BC24-EBBBF2AF5527}"
EndProject
Global
	GlobalSection(SolutionConfigurationPlatforms) = preSolution
		Debug|Any CPU = Debug|Any CPU
		Release|Any CPU = Release|Any CPU
	EndGlobalSection
	GlobalSection(ProjectConfigurationPlatforms) = postSolution
		{29A95E3A-819B-4EFC-BC24-EBBBF2AF5527}.Debug|Any CPU.ActiveCfg = Debug|Any CPU
		{29A95E3A-819B-4EFC-BC24-EBBBF2AF5527}.Debug|Any CPU.Build.0 = Debug|Any CPU
		{29A95E3A-819B-4EFC-BC24-EBBBF2AF5527}.Release|Any CPU.ActiveCfg = Release|Any CPU
		{29A95E3A-819B-4EFC-BC24-EBBBF2AF5527}.Release|Any CPU.Build.0 = Release|Any CPU
	EndGlobalSection
	GlobalSection(SolutionProperties) = preSolution
		HideSolutionNode = FALSE
	EndGlobalSection
	GlobalSection(ExtensibilityGlobals) = postSolution
		SolutionGuid = {259CA2EE-FD23-4B55-B0B8-CBA0E7A431F6}
	EndGlobalSection
EndGlobal
